
Microsoft Visual Studio Solution File, Format Version 12.00
# Visual Studio 14
VisualStudioVersion = 14.0.25420.1
MinimumVisualStudioVersion = 10.0.40219.1
Project("{FAE04EC0-301F-11D3-BF4B-00C04F79EFBC}") = "PlayerAndEngines", "PlayerAndEngines\PlayerAndEngines.csproj", "{84CE7C4B-0BA3-43FA-8477-E4F9013AD9A1}"
EndProject
Project("{FAE04EC0-301F-11D3-BF4B-00C04F79EFBC}") = "WebStuff2", "WebStuff2\WebStuff2.csproj", "{5BB99478-B9E3-4EAF-925A-B573ADCD75BA}"
EndProject
Global
	GlobalSection(SolutionConfigurationPlatforms) = preSolution
		Debug|Any CPU = Debug|Any CPU
		Release|Any CPU = Release|Any CPU
	EndGlobalSection
	GlobalSection(ProjectConfigurationPlatforms) = postSolution
		{84CE7C4B-0BA3-43FA-8477-E4F9013AD9A1}.Debug|Any CPU.ActiveCfg = Debug|Any CPU
		{84CE7C4B-0BA3-43FA-8477-E4F9013AD9A1}.Debug|Any CPU.Build.0 = Debug|Any CPU
		{84CE7C4B-0BA3-43FA-8477-E4F9013AD9A1}.Release|Any CPU.ActiveCfg = Release|Any CPU
		{84CE7C4B-0BA3-43FA-8477-E4F9013AD9A1}.Release|Any CPU.Build.0 = Release|Any CPU
		{5BB99478-B9E3-4EAF-925A-B573ADCD75BA}.Debug|Any CPU.ActiveCfg = Debug|Any CPU
		{5BB99478-B9E3-4EAF-925A-B573ADCD75BA}.Debug|Any CPU.Build.0 = Debug|Any CPU
		{5BB99478-B9E3-4EAF-925A-B573ADCD75BA}.Release|Any CPU.ActiveCfg = Release|Any CPU
		{5BB99478-B9E3-4EAF-925A-B573ADCD75BA}.Release|Any CPU.Build.0 = Release|Any CPU
	EndGlobalSection
	GlobalSection(SolutionProperties) = preSolution
		HideSolutionNode = FALSE
	EndGlobalSection
EndGlobal
